PODS:
  - SDWebImage (5.12.1):
    - SDWebImage/Core (= 5.12.1)
  - SDWebImage/Core (5.12.1)
  - TapAdditionsKitV2 (0.0.8):
    - TapSwiftFixesV2
  - TapNetworkManagerV2 (0.0.5):
    - TapAdditionsKitV2
  - TapSwiftFixesV2 (1.0.0):
    - TapSwiftFixesV2/CoreGraphics (= 1.0.0)
    - TapSwiftFixesV2/Exceptions (= 1.0.0)
    - TapSwiftFixesV2/Threading (= 1.0.0)
  - TapSwiftFixesV2/CoreGraphics (1.0.0)
  - TapSwiftFixesV2/Exceptions (1.0.0)
  - TapSwiftFixesV2/Threading (1.0.0)

DEPENDENCIES:
  - SDWebImage
  - TapAdditionsKitV2
  - TapNetworkManagerV2
  - TapSwiftFixesV2

SPEC REPOS:
  trunk:
    - SDWebImage
    - TapAdditionsKitV2
    - TapNetworkManagerV2
    - TapSwiftFixesV2

SPEC CHECKSUMS:
  SDWebImage: 4dc3e42d9ec0c1028b960a33ac6b637bb432207b
  TapAdditionsKitV2: ba369802e9575c3475ce6d5af228cf60c68edfc9
  TapNetworkManagerV2: 857339ae980c9fb495ec9a4c609beabaeeeb5999
  TapSwiftFixesV2: a8623a7273c6790b9754ec7e272e96fce7d3a800

PODFILE CHECKSUM: 7146a562144a412e553f73ef4a6cdca3f7b71eef

COCOAPODS: 1.10.1
